
Microsoft Visual Studio Solution File, Format Version 12.00
# Visual Studio Version 17
VisualStudioVersion = 17.5.002.0
MinimumVisualStudioVersion = 10.0.40219.1
Project("{9A19103F-16F7-4668-BE54-9A1E7A4F7556}") = "tl1-tp8-2024-franleccese11", "tl1-tp8-2024-franleccese11.csproj", "{192461E6-D019-4B31-9E3C-11A6F1676651}"
EndProject
Global
	GlobalSection(SolutionConfigurationPlatforms) = preSolution
		Debug|Any CPU = Debug|Any CPU
		Release|Any CPU = Release|Any CPU
	EndGlobalSection
	GlobalSection(ProjectConfigurationPlatforms) = postSolution
		{192461E6-D019-4B31-9E3C-11A6F1676651}.Debug|Any CPU.ActiveCfg = Debug|Any CPU
		{192461E6-D019-4B31-9E3C-11A6F1676651}.Debug|Any CPU.Build.0 = Debug|Any CPU
		{192461E6-D019-4B31-9E3C-11A6F1676651}.Release|Any CPU.ActiveCfg = Release|Any CPU
		{192461E6-D019-4B31-9E3C-11A6F1676651}.Release|Any CPU.Build.0 = Release|Any CPU
	EndGlobalSection
	GlobalSection(SolutionProperties) = preSolution
		HideSolutionNode = FALSE
	EndGlobalSection
	GlobalSection(ExtensibilityGlobals) = postSolution
		SolutionGuid = {C006F52D-28AD-45D1-B34D-922592C427C2}
	EndGlobalSection
EndGlobal
